// !$*UTF8*$!
{
	archiveVersion = 1;
	classes = {
	};
	objectVersion = 50;
	objects = {

/* Begin PBXBuildFile section */
		7907ADBF23C6962D00BF45CA /* AppDelegate.swift in Sources */ = {isa = PBXBuildFile; fileRef = 7907ADBE23C6962D00BF45CA /* AppDelegate.swift */; };
		7907ADC123C6962D00BF45CA /* SceneDelegate.swift in Sources */ = {isa = PBXBuildFile; fileRef = 7907ADC023C6962D00BF45CA /* SceneDelegate.swift */; };
		7907ADC323C6962D00BF45CA /* ViewController.swift in Sources */ = {isa = PBXBuildFile; fileRef = 7907ADC223C6962D00BF45CA /* ViewController.swift */; };
		7907ADC623C6962D00BF45CA /* Main.storyboard in Resources */ = {isa = PBXBuildFile; fileRef = 7907ADC423C6962D00BF45CA /* Main.storyboard */; };
		7907ADC823C6963000BF45CA /* Assets.xcassets in Resources */ = {isa = PBXBuildFile; fileRef = 7907ADC723C6963000BF45CA /* Assets.xcassets */; };
		7907ADCB23C6963000BF45CA /* LaunchScreen.storyboard in Resources */ = {isa = PBXBuildFile; fileRef = 7907ADC923C6963000BF45CA /* LaunchScreen.storyboard */; };
		7907ADD623C6963100BF45CA /* ComposeKitTests.swift in Sources */ = {isa = PBXBuildFile; fileRef = 7907ADD523C6963100BF45CA /* ComposeKitTests.swift */; };
/* End PBXBuildFile section */

/* Begin PBXContainerItemProxy section */
		7907ADD223C6963100BF45CA /* PBXContainerItemProxy */ = {
			isa = PBXContainerItemProxy;
			containerPortal = 7907ADB323C6962D00BF45CA /* Project object */;
			proxyType = 1;
			remoteGlobalIDString = 7907ADBA23C6962D00BF45CA;
			remoteInfo = ComposeKit;
		};
/* End PBXContainerItemProxy section */

/* Begin PBXFileReference section */
		7907ADBB23C6962D00BF45CA /* ComposeKit.app */ = {isa = PBXFileReference; explicitFileType = wrapper.application; includeInIndex = 0; path = ComposeKit.app; sourceTree = BUILT_PRODUCTS_DIR; };
		7907ADBE23C6962D00BF45CA /* AppDelegate.swift */ = {isa = PBXFileReference; lastKnownFileType = sourcecode.swift; path = AppDelegate.swift; sourceTree = "<group>"; };
		7907ADC023C6962D00BF45CA /* SceneDelegate.swift */ = {isa = PBXFileReference; lastKnownFileType = sourcecode.swift; path = SceneDelegate.swift; sourceTree = "<group>"; };
		7907ADC223C6962D00BF45CA /* ViewController.swift */ = {isa = PBXFileReference; lastKnownFileType = sourcecode.swift; path = ViewController.swift; sourceTree = "<group>"; };
		7907ADC523C6962D00BF45CA /* Base */ = {isa = PBXFileReference; lastKnownFileType = file.storyboard; name = Base; path = Base.lproj/Main.storyboard; sourceTree = "<group>"; };
		7907ADC723C6963000BF45CA /* Assets.xcassets */ = {isa = PBXFileReference; lastKnownFileType = folder.assetcatalog; path = Assets.xcassets; sourceTree = "<group>"; };
		7907ADCA23C6963000BF45CA /* Base */ = {isa = PBXFileReference; lastKnownFileType = file.storyboard; name = Base; path = Base.lproj/LaunchScreen.storyboard; sourceTree = "<group>"; };
		7907ADCC23C6963000BF45CA /* Info.plist */ = {isa = PBXFileReference; lastKnownFileType = text.plist.xml; path = Info.plist; sourceTree = "<group>"; };
		7907ADD123C6963100BF45CA /* ComposeKitTests.xctest */ = {isa = PBXFileReference; explicitFileType = wrapper.cfbundle; includeInIndex = 0; path = ComposeKitTests.xctest; sourceTree = BUILT_PRODUCTS_DIR; };
		7907ADD523C6963100BF45CA /* ComposeKitTests.swift */ = {isa = PBXFileReference; lastKnownFileType = sourcecode.swift; path = ComposeKitTests.swift; sourceTree = "<group>"; };
		7907ADD723C6963100BF45CA /* Info.plist */ = {isa = PBXFileReference; lastKnownFileType = text.plist.xml; path = Info.plist; sourceTree = "<group>"; };
/* End PBXFileReference section */

/* Begin PBXFrameworksBuildPhase section */
		7907ADB823C6962D00BF45CA /* Frameworks */ = {
			isa = PBXFrameworksBuildPhase;
			buildActionMask = 2147483647;
			files = (
			);
			runOnlyForDeploymentPostprocessing = 0;
		};
		7907ADCE23C6963100BF45CA /* Frameworks */ = {
			isa = PBXFrameworksBuildPhase;
			buildActionMask = 2147483647;
			files = (
			);
			runOnlyForDeploymentPostprocessing = 0;
		};
/* End PBXFrameworksBuildPhase section */

/* Begin PBXGroup section */
		7907ADB223C6962D00BF45CA = {
			isa = PBXGroup;
			children = (
				7907ADBD23C6962D00BF45CA /* ComposeKit */,
				7907ADD423C6963100BF45CA /* ComposeKitTests */,
				7907ADBC23C6962D00BF45CA /* Products */,
			);
			sourceTree = "<group>";
		};
		7907ADBC23C6962D00BF45CA /* Products */ = {
			isa = PBXGroup;
			children = (
				7907ADBB23C6962D00BF45CA /* ComposeKit.app */,
				7907ADD123C6963100BF45CA /* ComposeKitTests.xctest */,
			);
			name = Products;
			sourceTree = "<group>";
		};
		7907ADBD23C6962D00BF45CA /* ComposeKit */ = {
			isa = PBXGroup;
			children = (
				7907ADBE23C6962D00BF45CA /* AppDelegate.swift */,
				7907ADC023C6962D00BF45CA /* SceneDelegate.swift */,
				7907ADC223C6962D00BF45CA /* ViewController.swift */,
				7907ADC423C6962D00BF45CA /* Main.storyboard */,
				7907ADC723C6963000BF45CA /* Assets.xcassets */,
				7907ADC923C6963000BF45CA /* LaunchScreen.storyboard */,
				7907ADCC23C6963000BF45CA /* Info.plist */,
			);
			path = ComposeKit;
			sourceTree = "<group>";
		};
		7907ADD423C6963100BF45CA /* ComposeKitTests */ = {
			isa = PBXGroup;
			children = (
				7907ADD523C6963100BF45CA /* ComposeKitTests.swift */,
				7907ADD723C6963100BF45CA /* Info.plist */,
			);
			path = ComposeKitTests;
			sourceTree = "<group>";
		};
/* End PBXGroup section */

/* Begin PBXNativeTarget section */
		7907ADBA23C6962D00BF45CA /* ComposeKit */ = {
			isa = PBXNativeTarget;
			buildConfigurationList = 7907ADDA23C6963100BF45CA /* Build configuration list for PBXNativeTarget "ComposeKit" */;
			buildPhases = (
				7907ADB723C6962D00BF45CA /* Sources */,
				7907ADB823C6962D00BF45CA /* Frameworks */,
				7907ADB923C6962D00BF45CA /* Resources */,
			);
			buildRules = (
			);
			dependencies = (
			);
			name = ComposeKit;
			productName = ComposeKit;
			productReference = 7907ADBB23C6962D00BF45CA /* ComposeKit.app */;
			productType = "com.apple.product-type.application";
		};
		7907ADD023C6963100BF45CA /* ComposeKitTests */ = {
			isa = PBXNativeTarget;
			buildConfigurationList = 7907ADDD23C6963100BF45CA /* Build configuration list for PBXNativeTarget "ComposeKitTests" */;
			buildPhases = (
				7907ADCD23C6963100BF45CA /* Sources */,
				7907ADCE23C6963100BF45CA /* Frameworks */,
				7907ADCF23C6963100BF45CA /* Resources */,
			);
			buildRules = (
			);
			dependencies = (
				7907ADD323C6963100BF45CA /* PBXTargetDependency */,
			);
			name = ComposeKitTests;
			productName = ComposeKitTests;
			productReference = 7907ADD123C6963100BF45CA /* ComposeKitTests.xctest */;
			productType = "com.apple.product-type.bundle.unit-test";
		};
/* End PBXNativeTarget section */

/* Begin PBXProject section */
		7907ADB323C6962D00BF45CA /* Project object */ = {
			isa = PBXProject;
			attributes = {
				LastSwiftUpdateCheck = 1130;
				LastUpgradeCheck = 1130;
				ORGANIZATIONNAME = "Vinicius Mangueira";
				TargetAttributes = {
					7907ADBA23C6962D00BF45CA = {
						CreatedOnToolsVersion = 11.3;
					};
					7907ADD023C6963100BF45CA = {
						CreatedOnToolsVersion = 11.3;
						TestTargetID = 7907ADBA23C6962D00BF45CA;
					};
				};
			};
			buildConfigurationList = 7907ADB623C6962D00BF45CA /* Build configuration list for PBXProject "ComposeKit" */;
			compatibilityVersion = "Xcode 9.3";
			developmentRegion = en;
			hasScannedForEncodings = 0;
			knownRegions = (
				en,
				Base,
			);
			mainGroup = 7907ADB223C6962D00BF45CA;
			productRefGroup = 7907ADBC23C6962D00BF45CA /* Products */;
			projectDirPath = "";
			projectRoot = "";
			targets = (
				7907ADBA23C6962D00BF45CA /* ComposeKit */,
				7907ADD023C6963100BF45CA /* ComposeKitTests */,
			);
		};
/* End PBXProject section */

/* Begin PBXResourcesBuildPhase section */
		7907ADB923C6962D00BF45CA /* Resources */ = {
			isa = PBXResourcesBuildPhase;
			buildActionMask = 2147483647;
			files = (
				7907ADCB23C6963000BF45CA /* LaunchScreen.storyboard in Resources */,
				7907ADC823C6963000BF45CA /* Assets.xcassets in Resources */,
				7907ADC623C6962D00BF45CA /* Main.storyboard in Resources */,
			);
			runOnlyForDeploymentPostprocessing = 0;
		};
		7907ADCF23C6963100BF45CA /* Resources */ = {
			isa = PBXResourcesBuildPhase;
			buildActionMask = 2147483647;
			files = (
			);
			runOnlyForDeploymentPostprocessing = 0;
		};
/* End PBXResourcesBuildPhase section */

/* Begin PBXSourcesBuildPhase section */
		7907ADB723C6962D00BF45CA /* Sources */ = {
			isa = PBXSourcesBuildPhase;
			buildActionMask = 2147483647;
			files = (
				7907ADC323C6962D00BF45CA /* ViewController.swift in Sources */,
				7907ADBF23C6962D00BF45CA /* AppDelegate.swift in Sources */,
				7907ADC123C6962D00BF45CA /* SceneDelegate.swift in Sources */,
			);
			runOnlyForDeploymentPostprocessing = 0;
		};
		7907ADCD23C6963100BF45CA /* Sources */ = {
			isa = PBXSourcesBuildPhase;
			buildActionMask = 2147483647;
			files = (
				7907ADD623C6963100BF45CA /* ComposeKitTests.swift in Sources */,
			);
			runOnlyForDeploymentPostprocessing = 0;
		};
/* End PBXSourcesBuildPhase section */

/* Begin PBXTargetDependency section */
		7907ADD323C6963100BF45CA /* PBXTargetDependency */ = {
			isa = PBXTargetDependency;
			target = 7907ADBA23C6962D00BF45CA /* ComposeKit */;
			targetProxy = 7907ADD223C6963100BF45CA /* PBXContainerItemProxy */;
		};
/* End PBXTargetDependency section */

/* Begin PBXVariantGroup section */
		7907ADC423C6962D00BF45CA /* Main.storyboard */ = {
			isa = PBXVariantGroup;
			children = (
				7907ADC523C6962D00BF45CA /* Base */,
			);
			name = Main.storyboard;
			sourceTree = "<group>";
		};
		7907ADC923C6963000BF45CA /* LaunchScreen.storyboard */ = {
			isa = PBXVariantGroup;
			children = (
				7907ADCA23C6963000BF45CA /* Base */,
			);
			name = LaunchScreen.storyboard;
			sourceTree = "<group>";
		};
/* End PBXVariantGroup section */

/* Begin XCBuildConfiguration section */
		7907ADD823C6963100BF45CA /* Debug */ = {
			isa = XCBuildConfiguration;
			buildSettings = {
				ALWAYS_SEARCH_USER_PATHS = NO;
				CLANG_ANALYZER_NONNULL = YES;
				CLANG_ANALYZER_NUMBER_OBJECT_CONVERSION = YES_AGGRESSIVE;
				CLANG_CXX_LANGUAGE_STANDARD = "gnu++14";
				CLANG_CXX_LIBRARY = "libc++";
				CLANG_ENABLE_MODULES = YES;
				CLANG_ENABLE_OBJC_ARC = YES;
				CLANG_ENABLE_OBJC_WEAK = YES;
				CLANG_WARN_BLOCK_CAPTURE_AUTORELEASING = YES;
				CLANG_WARN_BOOL_CONVERSION = YES;
				CLANG_WARN_COMMA = YES;
				CLANG_WARN_CONSTANT_CONVERSION = YES;
				CLANG_WARN_DEPRECATED_OBJC_IMPLEMENTATIONS = YES;
				CLANG_WARN_DIRECT_OBJC_ISA_USAGE = YES_ERROR;
				CLANG_WARN_DOCUMENTATION_COMMENTS = YES;
				CLANG_WARN_EMPTY_BODY = YES;
				CLANG_WARN_ENUM_CONVERSION = YES;
				CLANG_WARN_INFINITE_RECURSION = YES;
				CLANG_WARN_INT_CONVERSION = YES;
				CLANG_WARN_NON_LITERAL_NULL_CONVERSION = YES;
				CLANG_WARN_OBJC_IMPLICIT_RETAIN_SELF = YES;
				CLANG_WARN_OBJC_LITERAL_CONVERSION = YES;
				CLANG_WARN_OBJC_ROOT_CLASS = YES_ERROR;
				CLANG_WARN_RANGE_LOOP_ANALYSIS = YES;
				CLANG_WARN_STRICT_PROTOTYPES = YES;
				CLANG_WARN_SUSPICIOUS_MOVE = YES;
				CLANG_WARN_UNGUARDED_AVAILABILITY = YES_AGGRESSIVE;
				CLANG_WARN_UNREACHABLE_CODE = YES;
				CLANG_WARN__DUPLICATE_METHOD_MATCH = YES;
				COPY_PHASE_STRIP = NO;
				DEBUG_INFORMATION_FORMAT = dwarf;
				ENABLE_STRICT_OBJC_MSGSEND = YES;
				ENABLE_TESTABILITY = YES;
				GCC_C_LANGUAGE_STANDARD = gnu11;
				GCC_DYNAMIC_NO_PIC = NO;
				GCC_NO_COMMON_BLOCKS = YES;
				GCC_OPTIMIZATION_LEVEL = 0;
				GCC_PREPROCESSOR_DEFINITIONS = (
					"DEBUG=1",
					"$(inherited)",
				);
				GCC_WARN_64_TO_32_BIT_CONVERSION = YES;
				GCC_WARN_ABOUT_RETURN_TYPE = YES_ERROR;
				GCC_WARN_UNDECLARED_SELECTOR = YES;
				GCC_WARN_UNINITIALIZED_AUTOS = YES_AGGRESSIVE;
				GCC_WARN_UNUSED_FUNCTION = YES;
				GCC_WARN_UNUSED_VARIABLE = YES;
				IPHONEOS_DEPLOYMENT_TARGET = 13.2;
				MTL_ENABLE_DEBUG_INFO = INCLUDE_SOURCE;
				MTL_FAST_MATH = YES;
				ONLY_ACTIVE_ARCH = YES;
				SDKROOT = iphoneos;
				SWIFT_ACTIVE_COMPILATION_CONDITIONS = DEBUG;
				SWIFT_OPTIMIZATION_LEVEL = "-Onone";
			};
			name = Debug;
		};
		7907ADD923C6963100BF45CA /* Release */ = {
			isa = XCBuildConfiguration;
			buildSettings = {
				ALWAYS_SEARCH_USER_PATHS = NO;
				CLANG_ANALYZER_NONNULL = YES;
				CLANG_ANALYZER_NUMBER_OBJECT_CONVERSION = YES_AGGRESSIVE;
				CLANG_CXX_LANGUAGE_STANDARD = "gnu++14";
				CLANG_CXX_LIBRARY = "libc++";
				CLANG_ENABLE_MODULES = YES;
				CLANG_ENABLE_OBJC_ARC = YES;
				CLANG_ENABLE_OBJC_WEAK = YES;
				CLANG_WARN_BLOCK_CAPTURE_AUTORELEASING = YES;
				CLANG_WARN_BOOL_CONVERSION = YES;
				CLANG_WARN_COMMA = YES;
				CLANG_WARN_CONSTANT_CONVERSION = YES;
				CLANG_WARN_DEPRECATED_OBJC_IMPLEMENTATIONS = YES;
				CLANG_WARN_DIRECT_OBJC_ISA_USAGE = YES_ERROR;
				CLANG_WARN_DOCUMENTATION_COMMENTS = YES;
				CLANG_WARN_EMPTY_BODY = YES;
				CLANG_WARN_ENUM_CONVERSION = YES;
				CLANG_WARN_INFINITE_RECURSION = YES;
				CLANG_WARN_INT_CONVERSION = YES;
				CLANG_WARN_NON_LITERAL_NULL_CONVERSION = YES;
				CLANG_WARN_OBJC_IMPLICIT_RETAIN_SELF = YES;
				CLANG_WARN_OBJC_LITERAL_CONVERSION = YES;
				CLANG_WARN_OBJC_ROOT_CLASS = YES_ERROR;
				CLANG_WARN_RANGE_LOOP_ANALYSIS = YES;
				CLANG_WARN_STRICT_PROTOTYPES = YES;
				CLANG_WARN_SUSPICIOUS_MOVE = YES;
				CLANG_WARN_UNGUARDED_AVAILABILITY = YES_AGGRESSIVE;
				CLANG_WARN_UNREACHABLE_CODE = YES;
				CLANG_WARN__DUPLICATE_METHOD_MATCH = YES;
				COPY_PHASE_STRIP = NO;
				DEBUG_INFORMATION_FORMAT = "dwarf-with-dsym";
				ENABLE_NS_ASSERTIONS = NO;
				ENABLE_STRICT_OBJC_MSGSEND = YES;
				GCC_C_LANGUAGE_STANDARD = gnu11;
				GCC_NO_COMMON_BLOCKS = YES;
				GCC_WARN_64_TO_32_BIT_CONVERSION = YES;
				GCC_WARN_ABOUT_RETURN_TYPE = YES_ERROR;
				GCC_WARN_UNDECLARED_SELECTOR = YES;
				GCC_WARN_UNINITIALIZED_AUTOS = YES_AGGRESSIVE;
				GCC_WARN_UNUSED_FUNCTION = YES;
				GCC_WARN_UNUSED_VARIABLE = YES;
				IPHONEOS_DEPLOYMENT_TARGET = 13.2;
				MTL_ENABLE_DEBUG_INFO = NO;
				MTL_FAST_MATH = YES;
				SDKROOT = iphoneos;
				SWIFT_COMPILATION_MODE = wholemodule;
				SWIFT_OPTIMIZATION_LEVEL = "-O";
				VALIDATE_PRODUCT = YES;
			};
			name = Release;
		};
		7907ADDB23C6963100BF45CA /* Debug */ = {
			isa = XCBuildConfiguration;
			buildSettings = {
				ASSETCATALOG_COMPILER_APPICON_NAME = AppIcon;
				CODE_SIGN_STYLE = Automatic;
				DEVELOPMENT_TEAM = F6FYGZ29HL;
				INFOPLIST_FILE = ComposeKit/Info.plist;
				LD_RUNPATH_SEARCH_PATHS = (
					"$(inherited)",
					"@executable_path/Frameworks",
				);
				PRODUCT_BUNDLE_IDENTIFIER = com.academy.ComposeKit;
				PRODUCT_NAME = "$(TARGET_NAME)";
				SWIFT_VERSION = 5.0;
				TARGETED_DEVICE_FAMILY = "1,2";
			};
			name = Debug;
		};
		7907ADDC23C6963100BF45CA /* Release */ = {
			isa = XCBuildConfiguration;
			buildSettings = {
				ASSETCATALOG_COMPILER_APPICON_NAME = AppIcon;
				CODE_SIGN_STYLE = Automatic;
				DEVELOPMENT_TEAM = F6FYGZ29HL;
				INFOPLIST_FILE = ComposeKit/Info.plist;
				LD_RUNPATH_SEARCH_PATHS = (
					"$(inherited)",
					"@executable_path/Frameworks",
				);
				PRODUCT_BUNDLE_IDENTIFIER = com.academy.ComposeKit;
				PRODUCT_NAME = "$(TARGET_NAME)";
				SWIFT_VERSION = 5.0;
				TARGETED_DEVICE_FAMILY = "1,2";
			};
			name = Release;
		};
		7907ADDE23C6963100BF45CA /* Debug */ = {
			isa = XCBuildConfiguration;
			buildSettings = {
				ALWAYS_EMBED_SWIFT_STANDARD_LIBRARIES = YES;
				BUNDLE_LOADER = "$(TEST_HOST)";
				CODE_SIGN_STYLE = Automatic;
				DEVELOPMENT_TEAM = F6FYGZ29HL;
				INFOPLIST_FILE = ComposeKitTests/Info.plist;
				IPHONEOS_DEPLOYMENT_TARGET = 13.2;
				LD_RUNPATH_SEARCH_PATHS = (
					"$(inherited)",
					"@executable_path/Frameworks",
					"@loader_path/Frameworks",
				);
				PRODUCT_BUNDLE_IDENTIFIER = com.academy.ComposeKitTests;
				PRODUCT_NAME = "$(TARGET_NAME)";
				SWIFT_VERSION = 5.0;
				TARGETED_DEVICE_FAMILY = "1,2";
				TEST_HOST = "$(BUILT_PRODUCTS_DIR)/ComposeKit.app/ComposeKit";
			};
			name = Debug;
		};
		7907ADDF23C6963100BF45CA /* Release */ = {
			isa = XCBuildConfiguration;
			buildSettings = {
				ALWAYS_EMBED_SWIFT_STANDARD_LIBRARIES = YES;
				BUNDLE_LOADER = "$(TEST_HOST)";
				CODE_SIGN_STYLE = Automatic;
				DEVELOPMENT_TEAM = F6FYGZ29HL;
				INFOPLIST_FILE = ComposeKitTests/Info.plist;
				IPHONEOS_DEPLOYMENT_TARGET = 13.2;
				LD_RUNPATH_SEARCH_PATHS = (
					"$(inherited)",
					"@executable_path/Frameworks",
					"@loader_path/Frameworks",
				);
				PRODUCT_BUNDLE_IDENTIFIER = com.academy.ComposeKitTests;
				PRODUCT_NAME = "$(TARGET_NAME)";
				SWIFT_VERSION = 5.0;
				TARGETED_DEVICE_FAMILY = "1,2";
				TEST_HOST = "$(BUILT_PRODUCTS_DIR)/ComposeKit.app/ComposeKit";
			};
			name = Release;
		};
/* End XCBuildConfiguration section */

/* Begin XCConfigurationList section */
		7907ADB623C6962D00BF45CA /* Build configuration list for PBXProject "ComposeKit" */ = {
			isa = XCConfigurationList;
			buildConfigurations = (
				7907ADD823C6963100BF45CA /* Debug */,
				7907ADD923C6963100BF45CA /* Release */,
			);
			defaultConfigurationIsVisible = 0;
			defaultConfigurationName = Release;
		};
		7907ADDA23C6963100BF45CA /* Build configuration list for PBXNativeTarget "ComposeKit" */ = {
			isa = XCConfigurationList;
			buildConfigurations = (
				7907ADDB23C6963100BF45CA /* Debug */,
				7907ADDC23C6963100BF45CA /* Release */,
			);
			defaultConfigurationIsVisible = 0;
			defaultConfigurationName = Release;
		};
		7907ADDD23C6963100BF45CA /* Build configuration list for PBXNativeTarget "ComposeKitTests" */ = {
			isa = XCConfigurationList;
			buildConfigurations = (
				7907ADDE23C6963100BF45CA /* Debug */,
				7907ADDF23C6963100BF45CA /* Release */,
			);
			defaultConfigurationIsVisible = 0;
			defaultConfigurationName = Release;
		};
/* End XCConfigurationList section */
	};
	rootObject = 7907ADB323C6962D00BF45CA /* Project object */;
}
